
Microsoft Visual Studio Solution File, Format Version 12.00
# Visual Studio Version 17
VisualStudioVersion = 17.5.33516.290
MinimumVisualStudioVersion = 10.0.40219.1
Project("{9A19103F-16F7-4668-BE54-9A1E7A4F7556}") = "CombatSpeed", "CombatSpeed\CombatSpeed.csproj", "{19EFBE7A-88EE-444C-94F2-683D0556EE9F}"
EndProject
Project("{9A19103F-16F7-4668-BE54-9A1E7A4F7556}") = "NewGamePlusMonsterArmy", "NewGamePlusMonsterArmy\NewGamePlusMonsterArmy.csproj", "{2C5B8B96-EBF9-40A4-B3F3-9A2ACEC39789}"
EndProject
Project("{9A19103F-16F7-4668-BE54-9A1E7A4F7556}") = "NewGamePlusMonsterAbilities", "NewGamePlusMonsterAbilities\NewGamePlusMonsterAbilities.csproj", "{5BA9D646-E3BE-495F-9C0D-468796D118C5}"
EndProject
Project("{9A19103F-16F7-4668-BE54-9A1E7A4F7556}") = "FreeJump", "FreeJump\FreeJump.csproj", "{D9D140DC-55ED-4856-BB49-36BC79FA7895}"
EndProject
Project("{9A19103F-16F7-4668-BE54-9A1E7A4F7556}") = "Fly", "Fly\Fly.csproj", "{F4EC6850-D1CA-4C2D-96BE-FEC07E7FA340}"
EndProject
Project("{9A19103F-16F7-4668-BE54-9A1E7A4F7556}") = "MyTweaks", "MyTweaks\MyTweaks.csproj", "{BC0A077F-6A11-4750-8A02-7A4C8B72E20C}"
EndProject
Project("{9A19103F-16F7-4668-BE54-9A1E7A4F7556}") = "ModsMenu", "ModsMenu\ModsMenu.csproj", "{E91FC33C-595E-4E46-8068-C9BB59590021}"
EndProject
Project("{9A19103F-16F7-4668-BE54-9A1E7A4F7556}") = "LuckyRandomizer", "LuckyRandomizer\LuckyRandomizer.csproj", "{34C0E6EA-5EF0-4A76-9EEC-9F09F0834CDB}"
EndProject
Project("{9A19103F-16F7-4668-BE54-9A1E7A4F7556}") = "DataDumper", "DataDumper\DataDumper.csproj", "{2B358BF8-2E6C-4BD4-90F3-6ECCAAF9344D}"
EndProject
Project("{9A19103F-16F7-4668-BE54-9A1E7A4F7556}") = "DisplayUnhatchedEggs", "DisplayUnhatchedEggs\DisplayUnhatchedEggs.csproj", "{8EE42337-1AA6-469D-A523-C369F67AB89D}"
EndProject
Project("{9A19103F-16F7-4668-BE54-9A1E7A4F7556}") = "GetAllArmyRewards", "GetAllArmyRewards\GetAllArmyRewards.csproj", "{5BD3F5DE-712A-4A51-9291-2540CDB50E60}"
EndProject
Project("{9A19103F-16F7-4668-BE54-9A1E7A4F7556}") = "HatchMaxLevelEggs", "HatchMaxLevelEggs\HatchMaxLevelEggs.csproj", "{DA1ABB81-F2F2-4320-8771-C184DE5DB3B2}"
EndProject
Project("{9A19103F-16F7-4668-BE54-9A1E7A4F7556}") = "LevelCaps", "LevelCaps\LevelCaps.csproj", "{86E75C28-2FC6-4A29-A06B-CA84724A7232}"
EndProject
Project("{9A19103F-16F7-4668-BE54-9A1E7A4F7556}") = "NGPlusOptions", "NGPlusOptions\NGPlusOptions.csproj", "{A2301BE8-F84D-4BAE-92F8-6633CD6343AE}"
EndProject
Project("{9A19103F-16F7-4668-BE54-9A1E7A4F7556}") = "ShiftColorName", "ShiftColorName\ShiftColorName.csproj", "{F74F1709-B054-4102-A121-C2FEDF35B5F2}"
EndProject
Project("{9A19103F-16F7-4668-BE54-9A1E7A4F7556}") = "StartButtonConfirm", "StartButtonConfirm\StartButtonConfirm.csproj", "{468FBA5A-2A58-4762-B88F-AC6A566DC797}"
EndProject
Project("{9A19103F-16F7-4668-BE54-9A1E7A4F7556}") = "EmptyMod", "EmptyMod\EmptyMod.csproj", "{EBD2D9CD-3A42-46EC-B0C3-73A7D00C5A2B}"
EndProject
Project("{9A19103F-16F7-4668-BE54-9A1E7A4F7556}") = "RandomRandomizer", "RandomRandomizer\RandomRandomizer.csproj", "{7EBF8EE5-BF30-4B6E-94B8-97B2F67D83FB}"
EndProject
Project("{9A19103F-16F7-4668-BE54-9A1E7A4F7556}") = "ShowOnlyValidEvolutions", "ShowOnlyValidEvolutions\ShowOnlyValidEvolutions.csproj", "{1AC91C35-81C4-465F-9CEF-869825857982}"
EndProject
Global
	GlobalSection(SolutionConfigurationPlatforms) = preSolution
		Debug|Any CPU = Debug|Any CPU
		Release|Any CPU = Release|Any CPU
	EndGlobalSection
	GlobalSection(ProjectConfigurationPlatforms) = postSolution
		{19EFBE7A-88EE-444C-94F2-683D0556EE9F}.Debug|Any CPU.ActiveCfg = Debug|Any CPU
		{19EFBE7A-88EE-444C-94F2-683D0556EE9F}.Debug|Any CPU.Build.0 = Debug|Any CPU
		{19EFBE7A-88EE-444C-94F2-683D0556EE9F}.Release|Any CPU.ActiveCfg = Release|Any CPU
		{19EFBE7A-88EE-444C-94F2-683D0556EE9F}.Release|Any CPU.Build.0 = Release|Any CPU
		{2C5B8B96-EBF9-40A4-B3F3-9A2ACEC39789}.Debug|Any CPU.ActiveCfg = Debug|Any CPU
		{2C5B8B96-EBF9-40A4-B3F3-9A2ACEC39789}.Debug|Any CPU.Build.0 = Debug|Any CPU
		{2C5B8B96-EBF9-40A4-B3F3-9A2ACEC39789}.Release|Any CPU.ActiveCfg = Release|Any CPU
		{2C5B8B96-EBF9-40A4-B3F3-9A2ACEC39789}.Release|Any CPU.Build.0 = Release|Any CPU
		{5BA9D646-E3BE-495F-9C0D-468796D118C5}.Debug|Any CPU.ActiveCfg = Debug|Any CPU
		{5BA9D646-E3BE-495F-9C0D-468796D118C5}.Debug|Any CPU.Build.0 = Debug|Any CPU
		{5BA9D646-E3BE-495F-9C0D-468796D118C5}.Release|Any CPU.ActiveCfg = Release|Any CPU
		{5BA9D646-E3BE-495F-9C0D-468796D118C5}.Release|Any CPU.Build.0 = Release|Any CPU
		{D9D140DC-55ED-4856-BB49-36BC79FA7895}.Debug|Any CPU.ActiveCfg = Debug|Any CPU
		{D9D140DC-55ED-4856-BB49-36BC79FA7895}.Debug|Any CPU.Build.0 = Debug|Any CPU
		{D9D140DC-55ED-4856-BB49-36BC79FA7895}.Release|Any CPU.ActiveCfg = Release|Any CPU
		{D9D140DC-55ED-4856-BB49-36BC79FA7895}.Release|Any CPU.Build.0 = Release|Any CPU
		{F4EC6850-D1CA-4C2D-96BE-FEC07E7FA340}.Debug|Any CPU.ActiveCfg = Debug|Any CPU
		{F4EC6850-D1CA-4C2D-96BE-FEC07E7FA340}.Debug|Any CPU.Build.0 = Debug|Any CPU
		{F4EC6850-D1CA-4C2D-96BE-FEC07E7FA340}.Release|Any CPU.ActiveCfg = Release|Any CPU
		{F4EC6850-D1CA-4C2D-96BE-FEC07E7FA340}.Release|Any CPU.Build.0 = Release|Any CPU
		{BC0A077F-6A11-4750-8A02-7A4C8B72E20C}.Debug|Any CPU.ActiveCfg = Debug|Any CPU
		{BC0A077F-6A11-4750-8A02-7A4C8B72E20C}.Debug|Any CPU.Build.0 = Debug|Any CPU
		{BC0A077F-6A11-4750-8A02-7A4C8B72E20C}.Release|Any CPU.ActiveCfg = Release|Any CPU
		{BC0A077F-6A11-4750-8A02-7A4C8B72E20C}.Release|Any CPU.Build.0 = Release|Any CPU
		{E91FC33C-595E-4E46-8068-C9BB59590021}.Debug|Any CPU.ActiveCfg = Debug|Any CPU
		{E91FC33C-595E-4E46-8068-C9BB59590021}.Debug|Any CPU.Build.0 = Debug|Any CPU
		{E91FC33C-595E-4E46-8068-C9BB59590021}.Release|Any CPU.ActiveCfg = Release|Any CPU
		{E91FC33C-595E-4E46-8068-C9BB59590021}.Release|Any CPU.Build.0 = Release|Any CPU
		{34C0E6EA-5EF0-4A76-9EEC-9F09F0834CDB}.Debug|Any CPU.ActiveCfg = Debug|Any CPU
		{34C0E6EA-5EF0-4A76-9EEC-9F09F0834CDB}.Debug|Any CPU.Build.0 = Debug|Any CPU
		{34C0E6EA-5EF0-4A76-9EEC-9F09F0834CDB}.Release|Any CPU.ActiveCfg = Release|Any CPU
		{34C0E6EA-5EF0-4A76-9EEC-9F09F0834CDB}.Release|Any CPU.Build.0 = Release|Any CPU
		{2B358BF8-2E6C-4BD4-90F3-6ECCAAF9344D}.Debug|Any CPU.ActiveCfg = Debug|Any CPU
		{2B358BF8-2E6C-4BD4-90F3-6ECCAAF9344D}.Debug|Any CPU.Build.0 = Debug|Any CPU
		{2B358BF8-2E6C-4BD4-90F3-6ECCAAF9344D}.Release|Any CPU.ActiveCfg = Release|Any CPU
		{2B358BF8-2E6C-4BD4-90F3-6ECCAAF9344D}.Release|Any CPU.Build.0 = Release|Any CPU
		{8EE42337-1AA6-469D-A523-C369F67AB89D}.Debug|Any CPU.ActiveCfg = Debug|Any CPU
		{8EE42337-1AA6-469D-A523-C369F67AB89D}.Debug|Any CPU.Build.0 = Debug|Any CPU
		{8EE42337-1AA6-469D-A523-C369F67AB89D}.Release|Any CPU.ActiveCfg = Release|Any CPU
		{8EE42337-1AA6-469D-A523-C369F67AB89D}.Release|Any CPU.Build.0 = Release|Any CPU
		{5BD3F5DE-712A-4A51-9291-2540CDB50E60}.Debug|Any CPU.ActiveCfg = Debug|Any CPU
		{5BD3F5DE-712A-4A51-9291-2540CDB50E60}.Debug|Any CPU.Build.0 = Debug|Any CPU
		{5BD3F5DE-712A-4A51-9291-2540CDB50E60}.Release|Any CPU.ActiveCfg = Release|Any CPU
		{5BD3F5DE-712A-4A51-9291-2540CDB50E60}.Release|Any CPU.Build.0 = Release|Any CPU
		{DA1ABB81-F2F2-4320-8771-C184DE5DB3B2}.Debug|Any CPU.ActiveCfg = Debug|Any CPU
		{DA1ABB81-F2F2-4320-8771-C184DE5DB3B2}.Debug|Any CPU.Build.0 = Debug|Any CPU
		{DA1ABB81-F2F2-4320-8771-C184DE5DB3B2}.Release|Any CPU.ActiveCfg = Release|Any CPU
		{DA1ABB81-F2F2-4320-8771-C184DE5DB3B2}.Release|Any CPU.Build.0 = Release|Any CPU
		{86E75C28-2FC6-4A29-A06B-CA84724A7232}.Debug|Any CPU.ActiveCfg = Debug|Any CPU
		{86E75C28-2FC6-4A29-A06B-CA84724A7232}.Debug|Any CPU.Build.0 = Debug|Any CPU
		{86E75C28-2FC6-4A29-A06B-CA84724A7232}.Release|Any CPU.ActiveCfg = Release|Any CPU
		{86E75C28-2FC6-4A29-A06B-CA84724A7232}.Release|Any CPU.Build.0 = Release|Any CPU
		{A2301BE8-F84D-4BAE-92F8-6633CD6343AE}.Debug|Any CPU.ActiveCfg = Debug|Any CPU
		{A2301BE8-F84D-4BAE-92F8-6633CD6343AE}.Debug|Any CPU.Build.0 = Debug|Any CPU
		{A2301BE8-F84D-4BAE-92F8-6633CD6343AE}.Release|Any CPU.ActiveCfg = Release|Any CPU
		{A2301BE8-F84D-4BAE-92F8-6633CD6343AE}.Release|Any CPU.Build.0 = Release|Any CPU
		{F74F1709-B054-4102-A121-C2FEDF35B5F2}.Debug|Any CPU.ActiveCfg = Debug|Any CPU
		{F74F1709-B054-4102-A121-C2FEDF35B5F2}.Debug|Any CPU.Build.0 = Debug|Any CPU
		{F74F1709-B054-4102-A121-C2FEDF35B5F2}.Release|Any CPU.ActiveCfg = Release|Any CPU
		{F74F1709-B054-4102-A121-C2FEDF35B5F2}.Release|Any CPU.Build.0 = Release|Any CPU
		{468FBA5A-2A58-4762-B88F-AC6A566DC797}.Debug|Any CPU.ActiveCfg = Debug|Any CPU
		{468FBA5A-2A58-4762-B88F-AC6A566DC797}.Debug|Any CPU.Build.0 = Debug|Any CPU
		{468FBA5A-2A58-4762-B88F-AC6A566DC797}.Release|Any CPU.ActiveCfg = Release|Any CPU
		{468FBA5A-2A58-4762-B88F-AC6A566DC797}.Release|Any CPU.Build.0 = Release|Any CPU
		{EBD2D9CD-3A42-46EC-B0C3-73A7D00C5A2B}.Debug|Any CPU.ActiveCfg = Debug|Any CPU
		{EBD2D9CD-3A42-46EC-B0C3-73A7D00C5A2B}.Debug|Any CPU.Build.0 = Debug|Any CPU
		{EBD2D9CD-3A42-46EC-B0C3-73A7D00C5A2B}.Release|Any CPU.ActiveCfg = Release|Any CPU
		{EBD2D9CD-3A42-46EC-B0C3-73A7D00C5A2B}.Release|Any CPU.Build.0 = Release|Any CPU
		{7EBF8EE5-BF30-4B6E-94B8-97B2F67D83FB}.Debug|Any CPU.ActiveCfg = Debug|Any CPU
		{7EBF8EE5-BF30-4B6E-94B8-97B2F67D83FB}.Debug|Any CPU.Build.0 = Debug|Any CPU
		{7EBF8EE5-BF30-4B6E-94B8-97B2F67D83FB}.Release|Any CPU.ActiveCfg = Release|Any CPU
		{7EBF8EE5-BF30-4B6E-94B8-97B2F67D83FB}.Release|Any CPU.Build.0 = Release|Any CPU
		{1AC91C35-81C4-465F-9CEF-869825857982}.Debug|Any CPU.ActiveCfg = Debug|Any CPU
		{1AC91C35-81C4-465F-9CEF-869825857982}.Debug|Any CPU.Build.0 = Debug|Any CPU
		{1AC91C35-81C4-465F-9CEF-869825857982}.Release|Any CPU.ActiveCfg = Release|Any CPU
		{1AC91C35-81C4-465F-9CEF-869825857982}.Release|Any CPU.Build.0 = Release|Any CPU
	EndGlobalSection
	GlobalSection(SolutionProperties) = preSolution
		HideSolutionNode = FALSE
	EndGlobalSection
	GlobalSection(ExtensibilityGlobals) = postSolution
		SolutionGuid = {AA4854D2-6F02-4D60-9C33-1043A7937E5A}
	EndGlobalSection
EndGlobal
