
Microsoft Visual Studio Solution File, Format Version 12.00
# Visual Studio Version 17
VisualStudioVersion = 17.5.33516.290
MinimumVisualStudioVersion = 10.0.40219.1
Project("{9A19103F-16F7-4668-BE54-9A1E7A4F7556}") = "CombatSpeed", "CombatSpeed\CombatSpeed.csproj", "{19EFBE7A-88EE-444C-94F2-683D0556EE9F}"
EndProject
Project("{9A19103F-16F7-4668-BE54-9A1E7A4F7556}") = "NewGamePlusMonsterArmy", "NewGamePlusMonsterArmy\NewGamePlusMonsterArmy.csproj", "{2C5B8B96-EBF9-40A4-B3F3-9A2ACEC39789}"
EndProject
Project("{9A19103F-16F7-4668-BE54-9A1E7A4F7556}") = "NewGamePlusMonsterAbilities", "NewGamePlusMonsterAbilities\NewGamePlusMonsterAbilities.csproj", "{5BA9D646-E3BE-495F-9C0D-468796D118C5}"
EndProject
Project("{9A19103F-16F7-4668-BE54-9A1E7A4F7556}") = "FreeJump", "FreeJump\FreeJump.csproj", "{D9D140DC-55ED-4856-BB49-36BC79FA7895}"
EndProject
Project("{9A19103F-16F7-4668-BE54-9A1E7A4F7556}") = "Fly", "Fly\Fly.csproj", "{F4EC6850-D1CA-4C2D-96BE-FEC07E7FA340}"
EndProject
Project("{9A19103F-16F7-4668-BE54-9A1E7A4F7556}") = "MyTweaks", "MyTweaks\MyTweaks.csproj", "{BC0A077F-6A11-4750-8A02-7A4C8B72E20C}"
EndProject
Project("{9A19103F-16F7-4668-BE54-9A1E7A4F7556}") = "ModsMenu", "ModsMenu\ModsMenu.csproj", "{E91FC33C-595E-4E46-8068-C9BB59590021}"
EndProject
Project("{9A19103F-16F7-4668-BE54-9A1E7A4F7556}") = "LuckyRandomizer", "LuckyRandomizer\LuckyRandomizer.csproj", "{34C0E6EA-5EF0-4A76-9EEC-9F09F0834CDB}"
EndProject
Global
	GlobalSection(SolutionConfigurationPlatforms) = preSolution
		Debug|Any CPU = Debug|Any CPU
		Release|Any CPU = Release|Any CPU
	EndGlobalSection
	GlobalSection(ProjectConfigurationPlatforms) = postSolution
		{19EFBE7A-88EE-444C-94F2-683D0556EE9F}.Debug|Any CPU.ActiveCfg = Debug|Any CPU
		{19EFBE7A-88EE-444C-94F2-683D0556EE9F}.Debug|Any CPU.Build.0 = Debug|Any CPU
		{19EFBE7A-88EE-444C-94F2-683D0556EE9F}.Release|Any CPU.ActiveCfg = Release|Any CPU
		{19EFBE7A-88EE-444C-94F2-683D0556EE9F}.Release|Any CPU.Build.0 = Release|Any CPU
		{2C5B8B96-EBF9-40A4-B3F3-9A2ACEC39789}.Debug|Any CPU.ActiveCfg = Debug|Any CPU
		{2C5B8B96-EBF9-40A4-B3F3-9A2ACEC39789}.Debug|Any CPU.Build.0 = Debug|Any CPU
		{2C5B8B96-EBF9-40A4-B3F3-9A2ACEC39789}.Release|Any CPU.ActiveCfg = Release|Any CPU
		{2C5B8B96-EBF9-40A4-B3F3-9A2ACEC39789}.Release|Any CPU.Build.0 = Release|Any CPU
		{5BA9D646-E3BE-495F-9C0D-468796D118C5}.Debug|Any CPU.ActiveCfg = Debug|Any CPU
		{5BA9D646-E3BE-495F-9C0D-468796D118C5}.Debug|Any CPU.Build.0 = Debug|Any CPU
		{5BA9D646-E3BE-495F-9C0D-468796D118C5}.Release|Any CPU.ActiveCfg = Release|Any CPU
		{5BA9D646-E3BE-495F-9C0D-468796D118C5}.Release|Any CPU.Build.0 = Release|Any CPU
		{D9D140DC-55ED-4856-BB49-36BC79FA7895}.Debug|Any CPU.ActiveCfg = Debug|Any CPU
		{D9D140DC-55ED-4856-BB49-36BC79FA7895}.Debug|Any CPU.Build.0 = Debug|Any CPU
		{D9D140DC-55ED-4856-BB49-36BC79FA7895}.Release|Any CPU.ActiveCfg = Release|Any CPU
		{D9D140DC-55ED-4856-BB49-36BC79FA7895}.Release|Any CPU.Build.0 = Release|Any CPU
		{F4EC6850-D1CA-4C2D-96BE-FEC07E7FA340}.Debug|Any CPU.ActiveCfg = Debug|Any CPU
		{F4EC6850-D1CA-4C2D-96BE-FEC07E7FA340}.Debug|Any CPU.Build.0 = Debug|Any CPU
		{F4EC6850-D1CA-4C2D-96BE-FEC07E7FA340}.Release|Any CPU.ActiveCfg = Release|Any CPU
		{F4EC6850-D1CA-4C2D-96BE-FEC07E7FA340}.Release|Any CPU.Build.0 = Release|Any CPU
		{BC0A077F-6A11-4750-8A02-7A4C8B72E20C}.Debug|Any CPU.ActiveCfg = Debug|Any CPU
		{BC0A077F-6A11-4750-8A02-7A4C8B72E20C}.Debug|Any CPU.Build.0 = Debug|Any CPU
		{BC0A077F-6A11-4750-8A02-7A4C8B72E20C}.Release|Any CPU.ActiveCfg = Release|Any CPU
		{BC0A077F-6A11-4750-8A02-7A4C8B72E20C}.Release|Any CPU.Build.0 = Release|Any CPU
		{E91FC33C-595E-4E46-8068-C9BB59590021}.Debug|Any CPU.ActiveCfg = Debug|Any CPU
		{E91FC33C-595E-4E46-8068-C9BB59590021}.Debug|Any CPU.Build.0 = Debug|Any CPU
		{E91FC33C-595E-4E46-8068-C9BB59590021}.Release|Any CPU.ActiveCfg = Release|Any CPU
		{E91FC33C-595E-4E46-8068-C9BB59590021}.Release|Any CPU.Build.0 = Release|Any CPU
		{34C0E6EA-5EF0-4A76-9EEC-9F09F0834CDB}.Debug|Any CPU.ActiveCfg = Debug|Any CPU
		{34C0E6EA-5EF0-4A76-9EEC-9F09F0834CDB}.Debug|Any CPU.Build.0 = Debug|Any CPU
		{34C0E6EA-5EF0-4A76-9EEC-9F09F0834CDB}.Release|Any CPU.ActiveCfg = Release|Any CPU
		{34C0E6EA-5EF0-4A76-9EEC-9F09F0834CDB}.Release|Any CPU.Build.0 = Release|Any CPU
	EndGlobalSection
	GlobalSection(SolutionProperties) = preSolution
		HideSolutionNode = FALSE
	EndGlobalSection
	GlobalSection(ExtensibilityGlobals) = postSolution
		SolutionGuid = {AA4854D2-6F02-4D60-9C33-1043A7937E5A}
	EndGlobalSection
EndGlobal
